// !$*UTF8*$!
{
	archiveVersion = 1;
	classes = {
	};
	objectVersion = 50;
	objects = {

/* Begin PBXBuildFile section */
		8F9341EF250F82AC009BFFC7 /* SpectrumWheelView.swift in Sources */ = {isa = PBXBuildFile; fileRef = 8F9341EE250F82AC009BFFC7 /* SpectrumWheelView.swift */; };
		8F9341F32510D489009BFFC7 /* CurrentColourHighlightView.swift in Sources */ = {isa = PBXBuildFile; fileRef = 8F9341F22510D489009BFFC7 /* CurrentColourHighlightView.swift */; };
		8FEEE6A525090C8F00F8DD20 /* AppDelegate.swift in Sources */ = {isa = PBXBuildFile; fileRef = 8FEEE6A425090C8F00F8DD20 /* AppDelegate.swift */; };
		8FEEE6A725090C8F00F8DD20 /* SceneDelegate.swift in Sources */ = {isa = PBXBuildFile; fileRef = 8FEEE6A625090C8F00F8DD20 /* SceneDelegate.swift */; };
		8FEEE6A925090C8F00F8DD20 /* ContentView.swift in Sources */ = {isa = PBXBuildFile; fileRef = 8FEEE6A825090C8F00F8DD20 /* ContentView.swift */; };
		8FEEE6AB25090C9100F8DD20 /* Assets.xcassets in Resources */ = {isa = PBXBuildFile; fileRef = 8FEEE6AA25090C9100F8DD20 /* Assets.xcassets */; };
		8FEEE6AE25090C9100F8DD20 /* Preview Assets.xcassets in Resources */ = {isa = PBXBuildFile; fileRef = 8FEEE6AD25090C9100F8DD20 /* Preview Assets.xcassets */; };
		8FEEE6B125090C9100F8DD20 /* LaunchScreen.storyboard in Resources */ = {isa = PBXBuildFile; fileRef = 8FEEE6AF25090C9100F8DD20 /* LaunchScreen.storyboard */; };
/* End PBXBuildFile section */

/* Begin PBXFileReference section */
		8F9341EE250F82AC009BFFC7 /* SpectrumWheelView.swift */ = {isa = PBXFileReference; lastKnownFileType = sourcecode.swift; path = SpectrumWheelView.swift; sourceTree = "<group>"; };
		8F9341F22510D489009BFFC7 /* CurrentColourHighlightView.swift */ = {isa = PBXFileReference; lastKnownFileType = sourcecode.swift; path = CurrentColourHighlightView.swift; sourceTree = "<group>"; };
		8F9341F42510D865009BFFC7 /* NeoUI.entitlements */ = {isa = PBXFileReference; lastKnownFileType = text.plist.entitlements; path = NeoUI.entitlements; sourceTree = "<group>"; };
		8FEEE6A125090C8F00F8DD20 /* NeoUI.app */ = {isa = PBXFileReference; explicitFileType = wrapper.application; includeInIndex = 0; path = NeoUI.app; sourceTree = BUILT_PRODUCTS_DIR; };
		8FEEE6A425090C8F00F8DD20 /* AppDelegate.swift */ = {isa = PBXFileReference; lastKnownFileType = sourcecode.swift; path = AppDelegate.swift; sourceTree = "<group>"; };
		8FEEE6A625090C8F00F8DD20 /* SceneDelegate.swift */ = {isa = PBXFileReference; lastKnownFileType = sourcecode.swift; path = SceneDelegate.swift; sourceTree = "<group>"; };
		8FEEE6A825090C8F00F8DD20 /* ContentView.swift */ = {isa = PBXFileReference; lastKnownFileType = sourcecode.swift; path = ContentView.swift; sourceTree = "<group>"; };
		8FEEE6AA25090C9100F8DD20 /* Assets.xcassets */ = {isa = PBXFileReference; lastKnownFileType = folder.assetcatalog; path = Assets.xcassets; sourceTree = "<group>"; };
		8FEEE6AD25090C9100F8DD20 /* Preview Assets.xcassets */ = {isa = PBXFileReference; lastKnownFileType = folder.assetcatalog; path = "Preview Assets.xcassets"; sourceTree = "<group>"; };
		8FEEE6B025090C9100F8DD20 /* Base */ = {isa = PBXFileReference; lastKnownFileType = file.storyboard; name = Base; path = Base.lproj/LaunchScreen.storyboard; sourceTree = "<group>"; };
		8FEEE6B225090C9100F8DD20 /* Info.plist */ = {isa = PBXFileReference; lastKnownFileType = text.plist.xml; path = Info.plist; sourceTree = "<group>"; };
/* End PBXFileReference section */

/* Begin PBXFrameworksBuildPhase section */
		8FEEE69E25090C8F00F8DD20 /* Frameworks */ = {
			isa = PBXFrameworksBuildPhase;
			buildActionMask = 2147483647;
			files = (
			);
			runOnlyForDeploymentPostprocessing = 0;
		};
/* End PBXFrameworksBuildPhase section */

/* Begin PBXGroup section */
		8FEEE69825090C8F00F8DD20 = {
			isa = PBXGroup;
			children = (
				8FEEE6A325090C8F00F8DD20 /* NeoUI */,
				8FEEE6A225090C8F00F8DD20 /* Products */,
			);
			sourceTree = "<group>";
		};
		8FEEE6A225090C8F00F8DD20 /* Products */ = {
			isa = PBXGroup;
			children = (
				8FEEE6A125090C8F00F8DD20 /* NeoUI.app */,
			);
			name = Products;
			sourceTree = "<group>";
		};
		8FEEE6A325090C8F00F8DD20 /* NeoUI */ = {
			isa = PBXGroup;
			children = (
				8F9341F42510D865009BFFC7 /* NeoUI.entitlements */,
				8FEEE6A425090C8F00F8DD20 /* AppDelegate.swift */,
				8FEEE6A625090C8F00F8DD20 /* SceneDelegate.swift */,
				8F9341EE250F82AC009BFFC7 /* SpectrumWheelView.swift */,
				8F9341F22510D489009BFFC7 /* CurrentColourHighlightView.swift */,
				8FEEE6A825090C8F00F8DD20 /* ContentView.swift */,
				8FEEE6AA25090C9100F8DD20 /* Assets.xcassets */,
				8FEEE6AF25090C9100F8DD20 /* LaunchScreen.storyboard */,
				8FEEE6B225090C9100F8DD20 /* Info.plist */,
				8FEEE6AC25090C9100F8DD20 /* Preview Content */,
			);
			path = NeoUI;
			sourceTree = "<group>";
		};
		8FEEE6AC25090C9100F8DD20 /* Preview Content */ = {
			isa = PBXGroup;
			children = (
				8FEEE6AD25090C9100F8DD20 /* Preview Assets.xcassets */,
			);
			path = "Preview Content";
			sourceTree = "<group>";
		};
/* End PBXGroup section */

/* Begin PBXNativeTarget section */
		8FEEE6A025090C8F00F8DD20 /* NeoUI */ = {
			isa = PBXNativeTarget;
			buildConfigurationList = 8FEEE6B525090C9100F8DD20 /* Build configuration list for PBXNativeTarget "NeoUI" */;
			buildPhases = (
				8FEEE69D25090C8F00F8DD20 /* Sources */,
				8FEEE69E25090C8F00F8DD20 /* Frameworks */,
				8FEEE69F25090C8F00F8DD20 /* Resources */,
			);
			buildRules = (
			);
			dependencies = (
			);
			name = NeoUI;
			productName = NeoUI;
			productReference = 8FEEE6A125090C8F00F8DD20 /* NeoUI.app */;
			productType = "com.apple.product-type.application";
		};
/* End PBXNativeTarget section */

/* Begin PBXProject section */
		8FEEE69925090C8F00F8DD20 /* Project object */ = {
			isa = PBXProject;
			attributes = {
				LastSwiftUpdateCheck = 1170;
				LastUpgradeCheck = 1170;
				ORGANIZATIONNAME = "Carl Peto";
				TargetAttributes = {
					8FEEE6A025090C8F00F8DD20 = {
						CreatedOnToolsVersion = 11.7;
					};
				};
			};
			buildConfigurationList = 8FEEE69C25090C8F00F8DD20 /* Build configuration list for PBXProject "NeoUI" */;
			compatibilityVersion = "Xcode 9.3";
			developmentRegion = en;
			hasScannedForEncodings = 0;
			knownRegions = (
				en,
				Base,
			);
			mainGroup = 8FEEE69825090C8F00F8DD20;
			productRefGroup = 8FEEE6A225090C8F00F8DD20 /* Products */;
			projectDirPath = "";
			projectRoot = "";
			targets = (
				8FEEE6A025090C8F00F8DD20 /* NeoUI */,
			);
		};
/* End PBXProject section */

/* Begin PBXResourcesBuildPhase section */
		8FEEE69F25090C8F00F8DD20 /* Resources */ = {
			isa = PBXResourcesBuildPhase;
			buildActionMask = 2147483647;
			files = (
				8FEEE6B125090C9100F8DD20 /* LaunchScreen.storyboard in Resources */,
				8FEEE6AE25090C9100F8DD20 /* Preview Assets.xcassets in Resources */,
				8FEEE6AB25090C9100F8DD20 /* Assets.xcassets in Resources */,
			);
			runOnlyForDeploymentPostprocessing = 0;
		};
/* End PBXResourcesBuildPhase section */

/* Begin PBXSourcesBuildPhase section */
		8FEEE69D25090C8F00F8DD20 /* Sources */ = {
			isa = PBXSourcesBuildPhase;
			buildActionMask = 2147483647;
			files = (
				8F9341F32510D489009BFFC7 /* CurrentColourHighlightView.swift in Sources */,
				8FEEE6A525090C8F00F8DD20 /* AppDelegate.swift in Sources */,
				8FEEE6A725090C8F00F8DD20 /* SceneDelegate.swift in Sources */,
				8F9341EF250F82AC009BFFC7 /* SpectrumWheelView.swift in Sources */,
				8FEEE6A925090C8F00F8DD20 /* ContentView.swift in Sources */,
			);
			runOnlyForDeploymentPostprocessing = 0;
		};
/* End PBXSourcesBuildPhase section */

/* Begin PBXVariantGroup section */
		8FEEE6AF25090C9100F8DD20 /* LaunchScreen.storyboard */ = {
			isa = PBXVariantGroup;
			children = (
				8FEEE6B025090C9100F8DD20 /* Base */,
			);
			name = LaunchScreen.storyboard;
			sourceTree = "<group>";
		};
/* End PBXVariantGroup section */

/* Begin XCBuildConfiguration section */
		8FEEE6B325090C9100F8DD20 /* Debug */ = {
			isa = XCBuildConfiguration;
			buildSettings = {
				ALWAYS_SEARCH_USER_PATHS = NO;
				CLANG_ANALYZER_NONNULL = YES;
				CLANG_ANALYZER_NUMBER_OBJECT_CONVERSION = YES_AGGRESSIVE;
				CLANG_CXX_LANGUAGE_STANDARD = "gnu++14";
				CLANG_CXX_LIBRARY = "libc++";
				CLANG_ENABLE_MODULES = YES;
				CLANG_ENABLE_OBJC_ARC = YES;
				CLANG_ENABLE_OBJC_WEAK = YES;
				CLANG_WARN_BLOCK_CAPTURE_AUTORELEASING = YES;
				CLANG_WARN_BOOL_CONVERSION = YES;
				CLANG_WARN_COMMA = YES;
				CLANG_WARN_CONSTANT_CONVERSION = YES;
				CLANG_WARN_DEPRECATED_OBJC_IMPLEMENTATIONS = YES;
				CLANG_WARN_DIRECT_OBJC_ISA_USAGE = YES_ERROR;
				CLANG_WARN_DOCUMENTATION_COMMENTS = YES;
				CLANG_WARN_EMPTY_BODY = YES;
				CLANG_WARN_ENUM_CONVERSION = YES;
				CLANG_WARN_INFINITE_RECURSION = YES;
				CLANG_WARN_INT_CONVERSION = YES;
				CLANG_WARN_NON_LITERAL_NULL_CONVERSION = YES;
				CLANG_WARN_OBJC_IMPLICIT_RETAIN_SELF = YES;
				CLANG_WARN_OBJC_LITERAL_CONVERSION = YES;
				CLANG_WARN_OBJC_ROOT_CLASS = YES_ERROR;
				CLANG_WARN_RANGE_LOOP_ANALYSIS = YES;
				CLANG_WARN_STRICT_PROTOTYPES = YES;
				CLANG_WARN_SUSPICIOUS_MOVE = YES;
				CLANG_WARN_UNGUARDED_AVAILABILITY = YES_AGGRESSIVE;
				CLANG_WARN_UNREACHABLE_CODE = YES;
				CLANG_WARN__DUPLICATE_METHOD_MATCH = YES;
				COPY_PHASE_STRIP = NO;
				DEBUG_INFORMATION_FORMAT = dwarf;
				ENABLE_STRICT_OBJC_MSGSEND = YES;
				ENABLE_TESTABILITY = YES;
				GCC_C_LANGUAGE_STANDARD = gnu11;
				GCC_DYNAMIC_NO_PIC = NO;
				GCC_NO_COMMON_BLOCKS = YES;
				GCC_OPTIMIZATION_LEVEL = 0;
				GCC_PREPROCESSOR_DEFINITIONS = (
					"DEBUG=1",
					"$(inherited)",
				);
				GCC_WARN_64_TO_32_BIT_CONVERSION = YES;
				GCC_WARN_ABOUT_RETURN_TYPE = YES_ERROR;
				GCC_WARN_UNDECLARED_SELECTOR = YES;
				GCC_WARN_UNINITIALIZED_AUTOS = YES_AGGRESSIVE;
				GCC_WARN_UNUSED_FUNCTION = YES;
				GCC_WARN_UNUSED_VARIABLE = YES;
				IPHONEOS_DEPLOYMENT_TARGET = 13.7;
				MTL_ENABLE_DEBUG_INFO = INCLUDE_SOURCE;
				MTL_FAST_MATH = YES;
				ONLY_ACTIVE_ARCH = YES;
				SDKROOT = iphoneos;
				SWIFT_ACTIVE_COMPILATION_CONDITIONS = DEBUG;
				SWIFT_OPTIMIZATION_LEVEL = "-Onone";
			};
			name = Debug;
		};
		8FEEE6B425090C9100F8DD20 /* Release */ = {
			isa = XCBuildConfiguration;
			buildSettings = {
				ALWAYS_SEARCH_USER_PATHS = NO;
				CLANG_ANALYZER_NONNULL = YES;
				CLANG_ANALYZER_NUMBER_OBJECT_CONVERSION = YES_AGGRESSIVE;
				CLANG_CXX_LANGUAGE_STANDARD = "gnu++14";
				CLANG_CXX_LIBRARY = "libc++";
				CLANG_ENABLE_MODULES = YES;
				CLANG_ENABLE_OBJC_ARC = YES;
				CLANG_ENABLE_OBJC_WEAK = YES;
				CLANG_WARN_BLOCK_CAPTURE_AUTORELEASING = YES;
				CLANG_WARN_BOOL_CONVERSION = YES;
				CLANG_WARN_COMMA = YES;
				CLANG_WARN_CONSTANT_CONVERSION = YES;
				CLANG_WARN_DEPRECATED_OBJC_IMPLEMENTATIONS = YES;
				CLANG_WARN_DIRECT_OBJC_ISA_USAGE = YES_ERROR;
				CLANG_WARN_DOCUMENTATION_COMMENTS = YES;
				CLANG_WARN_EMPTY_BODY = YES;
				CLANG_WARN_ENUM_CONVERSION = YES;
				CLANG_WARN_INFINITE_RECURSION = YES;
				CLANG_WARN_INT_CONVERSION = YES;
				CLANG_WARN_NON_LITERAL_NULL_CONVERSION = YES;
				CLANG_WARN_OBJC_IMPLICIT_RETAIN_SELF = YES;
				CLANG_WARN_OBJC_LITERAL_CONVERSION = YES;
				CLANG_WARN_OBJC_ROOT_CLASS = YES_ERROR;
				CLANG_WARN_RANGE_LOOP_ANALYSIS = YES;
				CLANG_WARN_STRICT_PROTOTYPES = YES;
				CLANG_WARN_SUSPICIOUS_MOVE = YES;
				CLANG_WARN_UNGUARDED_AVAILABILITY = YES_AGGRESSIVE;
				CLANG_WARN_UNREACHABLE_CODE = YES;
				CLANG_WARN__DUPLICATE_METHOD_MATCH = YES;
				COPY_PHASE_STRIP = NO;
				DEBUG_INFORMATION_FORMAT = "dwarf-with-dsym";
				ENABLE_NS_ASSERTIONS = NO;
				ENABLE_STRICT_OBJC_MSGSEND = YES;
				GCC_C_LANGUAGE_STANDARD = gnu11;
				GCC_NO_COMMON_BLOCKS = YES;
				GCC_WARN_64_TO_32_BIT_CONVERSION = YES;
				GCC_WARN_ABOUT_RETURN_TYPE = YES_ERROR;
				GCC_WARN_UNDECLARED_SELECTOR = YES;
				GCC_WARN_UNINITIALIZED_AUTOS = YES_AGGRESSIVE;
				GCC_WARN_UNUSED_FUNCTION = YES;
				GCC_WARN_UNUSED_VARIABLE = YES;
				IPHONEOS_DEPLOYMENT_TARGET = 13.7;
				MTL_ENABLE_DEBUG_INFO = NO;
				MTL_FAST_MATH = YES;
				SDKROOT = iphoneos;
				SWIFT_COMPILATION_MODE = wholemodule;
				SWIFT_OPTIMIZATION_LEVEL = "-O";
				VALIDATE_PRODUCT = YES;
			};
			name = Release;
		};
		8FEEE6B625090C9100F8DD20 /* Debug */ = {
			isa = XCBuildConfiguration;
			buildSettings = {
				ASSETCATALOG_COMPILER_APPICON_NAME = AppIcon;
				CODE_SIGN_ENTITLEMENTS = NeoUI/NeoUI.entitlements;
				CODE_SIGN_STYLE = Automatic;
				DEVELOPMENT_ASSET_PATHS = "\"NeoUI/Preview Content\"";
				DEVELOPMENT_TEAM = SWDC5K54B7;
				ENABLE_PREVIEWS = YES;
				INFOPLIST_FILE = NeoUI/Info.plist;
				IPHONEOS_DEPLOYMENT_TARGET = 13.0;
				LD_RUNPATH_SEARCH_PATHS = (
					"$(inherited)",
					"@executable_path/Frameworks",
				);
				PRODUCT_BUNDLE_IDENTIFIER = com.petosoft.NeoUI;
				PRODUCT_NAME = "$(TARGET_NAME)";
				SUPPORTS_MACCATALYST = YES;
				SWIFT_VERSION = 5.0;
				TARGETED_DEVICE_FAMILY = "1,2";
			};
			name = Debug;
		};
		8FEEE6B725090C9100F8DD20 /* Release */ = {
			isa = XCBuildConfiguration;
			buildSettings = {
				ASSETCATALOG_COMPILER_APPICON_NAME = AppIcon;
				CODE_SIGN_ENTITLEMENTS = NeoUI/NeoUI.entitlements;
				CODE_SIGN_STYLE = Automatic;
				DEVELOPMENT_ASSET_PATHS = "\"NeoUI/Preview Content\"";
				DEVELOPMENT_TEAM = SWDC5K54B7;
				ENABLE_PREVIEWS = YES;
				INFOPLIST_FILE = NeoUI/Info.plist;
				IPHONEOS_DEPLOYMENT_TARGET = 13.0;
				LD_RUNPATH_SEARCH_PATHS = (
					"$(inherited)",
					"@executable_path/Frameworks",
				);
				PRODUCT_BUNDLE_IDENTIFIER = com.petosoft.NeoUI;
				PRODUCT_NAME = "$(TARGET_NAME)";
				SUPPORTS_MACCATALYST = YES;
				SWIFT_VERSION = 5.0;
				TARGETED_DEVICE_FAMILY = "1,2";
			};
			name = Release;
		};
/* End XCBuildConfiguration section */

/* Begin XCConfigurationList section */
		8FEEE69C25090C8F00F8DD20 /* Build configuration list for PBXProject "NeoUI" */ = {
			isa = XCConfigurationList;
			buildConfigurations = (
				8FEEE6B325090C9100F8DD20 /* Debug */,
				8FEEE6B425090C9100F8DD20 /* Release */,
			);
			defaultConfigurationIsVisible = 0;
			defaultConfigurationName = Release;
		};
		8FEEE6B525090C9100F8DD20 /* Build configuration list for PBXNativeTarget "NeoUI" */ = {
			isa = XCConfigurationList;
			buildConfigurations = (
				8FEEE6B625090C9100F8DD20 /* Debug */,
				8FEEE6B725090C9100F8DD20 /* Release */,
			);
			defaultConfigurationIsVisible = 0;
			defaultConfigurationName = Release;
		};
/* End XCConfigurationList section */
	};
	rootObject = 8FEEE69925090C8F00F8DD20 /* Project object */;
}
